// !$*UTF8*$!
{
	archiveVersion = 1;
	classes = {
	};
	objectVersion = 50;
	objects = {

/* Begin PBXBuildFile section */
		A304234322D5555400E5CF35 /* PixelArtKit.framework in Frameworks */ = {isa = PBXBuildFile; fileRef = A304234222D5555400E5CF35 /* PixelArtKit.framework */; };
		A304234422D5555400E5CF35 /* PixelArtKit.framework in Embed Frameworks */ = {isa = PBXBuildFile; fileRef = A304234222D5555400E5CF35 /* PixelArtKit.framework */; settings = {ATTRIBUTES = (CodeSignOnCopy, RemoveHeadersOnCopy, ); }; };
		A30EFE0A22D4F08100785CD9 /* ImageEditingView.swift in Sources */ = {isa = PBXBuildFile; fileRef = A30EFE0922D4F08100785CD9 /* ImageEditingView.swift */; };
		A30EFE0C22D4F34100785CD9 /* ScaledImagePreviewView.swift in Sources */ = {isa = PBXBuildFile; fileRef = A30EFE0B22D4F34100785CD9 /* ScaledImagePreviewView.swift */; };
		A30EFE0E22D4F38300785CD9 /* Image Constants.swift in Sources */ = {isa = PBXBuildFile; fileRef = A30EFE0D22D4F38300785CD9 /* Image Constants.swift */; };
		A343064422D41C6C003D1099 /* Color Constants.swift in Sources */ = {isa = PBXBuildFile; fileRef = A343064322D41C6C003D1099 /* Color Constants.swift */; };
		A37F3F4122CBBB1B0064444B /* GridBackgroundView.swift in Sources */ = {isa = PBXBuildFile; fileRef = A37F3F4022CBBB1B0064444B /* GridBackgroundView.swift */; };
		A3F1A1BB22CAD4A000DC7247 /* AppDelegate.swift in Sources */ = {isa = PBXBuildFile; fileRef = A3F1A1BA22CAD4A000DC7247 /* AppDelegate.swift */; };
		A3F1A1BD22CAD4A000DC7247 /* SceneDelegate.swift in Sources */ = {isa = PBXBuildFile; fileRef = A3F1A1BC22CAD4A000DC7247 /* SceneDelegate.swift */; };
		A3F1A1BF22CAD4A000DC7247 /* ContentView.swift in Sources */ = {isa = PBXBuildFile; fileRef = A3F1A1BE22CAD4A000DC7247 /* ContentView.swift */; };
		A3F1A1C122CAD4A200DC7247 /* Assets.xcassets in Resources */ = {isa = PBXBuildFile; fileRef = A3F1A1C022CAD4A200DC7247 /* Assets.xcassets */; };
		A3F1A1C422CAD4A200DC7247 /* Preview Assets.xcassets in Resources */ = {isa = PBXBuildFile; fileRef = A3F1A1C322CAD4A200DC7247 /* Preview Assets.xcassets */; };
		A3F1A1C722CAD4A200DC7247 /* LaunchScreen.storyboard in Resources */ = {isa = PBXBuildFile; fileRef = A3F1A1C522CAD4A200DC7247 /* LaunchScreen.storyboard */; };
		A3F1A1D222CAD4A300DC7247 /* Pixel_Art_Resizer_2Tests.swift in Sources */ = {isa = PBXBuildFile; fileRef = A3F1A1D122CAD4A300DC7247 /* Pixel_Art_Resizer_2Tests.swift */; };
		A3F1A1DD22CAD4A300DC7247 /* Pixel_Art_Resizer_2UITests.swift in Sources */ = {isa = PBXBuildFile; fileRef = A3F1A1DC22CAD4A300DC7247 /* Pixel_Art_Resizer_2UITests.swift */; };
/* End PBXBuildFile section */

/* Begin PBXContainerItemProxy section */
		A3F1A1CE22CAD4A300DC7247 /* PBXContainerItemProxy */ = {
			isa = PBXContainerItemProxy;
			containerPortal = A3F1A1AF22CAD49F00DC7247 /* Project object */;
			proxyType = 1;
			remoteGlobalIDString = A3F1A1B622CAD49F00DC7247;
			remoteInfo = "Pixel Art Resizer 2";
		};
		A3F1A1D922CAD4A300DC7247 /* PBXContainerItemProxy */ = {
			isa = PBXContainerItemProxy;
			containerPortal = A3F1A1AF22CAD49F00DC7247 /* Project object */;
			proxyType = 1;
			remoteGlobalIDString = A3F1A1B622CAD49F00DC7247;
			remoteInfo = "Pixel Art Resizer 2";
		};
/* End PBXContainerItemProxy section */

/* Begin PBXCopyFilesBuildPhase section */
		A304234522D5555400E5CF35 /* Embed Frameworks */ = {
			isa = PBXCopyFilesBuildPhase;
			buildActionMask = 2147483647;
			dstPath = "";
			dstSubfolderSpec = 10;
			files = (
				A304234422D5555400E5CF35 /* PixelArtKit.framework in Embed Frameworks */,
			);
			name = "Embed Frameworks";
			runOnlyForDeploymentPostprocessing = 0;
		};
/* End PBXCopyFilesBuildPhase section */

/* Begin PBXFileReference section */
		A304234222D5555400E5CF35 /* PixelArtKit.framework */ = {isa = PBXFileReference; explicitFileType = wrapper.framework; path = PixelArtKit.framework; sourceTree = BUILT_PRODUCTS_DIR; };
		A30EFE0922D4F08100785CD9 /* ImageEditingView.swift */ = {isa = PBXFileReference; lastKnownFileType = sourcecode.swift; path = ImageEditingView.swift; sourceTree = "<group>"; };
		A30EFE0B22D4F34100785CD9 /* ScaledImagePreviewView.swift */ = {isa = PBXFileReference; lastKnownFileType = sourcecode.swift; path = ScaledImagePreviewView.swift; sourceTree = "<group>"; };
		A30EFE0D22D4F38300785CD9 /* Image Constants.swift */ = {isa = PBXFileReference; lastKnownFileType = sourcecode.swift; path = "Image Constants.swift"; sourceTree = "<group>"; };
		A343064322D41C6C003D1099 /* Color Constants.swift */ = {isa = PBXFileReference; lastKnownFileType = sourcecode.swift; path = "Color Constants.swift"; sourceTree = "<group>"; };
		A37F3F4022CBBB1B0064444B /* GridBackgroundView.swift */ = {isa = PBXFileReference; lastKnownFileType = sourcecode.swift; path = GridBackgroundView.swift; sourceTree = "<group>"; };
		A3F1A1B722CAD4A000DC7247 /* Pixel Art Resizer 2.app */ = {isa = PBXFileReference; explicitFileType = wrapper.application; includeInIndex = 0; path = "Pixel Art Resizer 2.app"; sourceTree = BUILT_PRODUCTS_DIR; };
		A3F1A1BA22CAD4A000DC7247 /* AppDelegate.swift */ = {isa = PBXFileReference; lastKnownFileType = sourcecode.swift; path = AppDelegate.swift; sourceTree = "<group>"; };
		A3F1A1BC22CAD4A000DC7247 /* SceneDelegate.swift */ = {isa = PBXFileReference; lastKnownFileType = sourcecode.swift; path = SceneDelegate.swift; sourceTree = "<group>"; };
		A3F1A1BE22CAD4A000DC7247 /* ContentView.swift */ = {isa = PBXFileReference; lastKnownFileType = sourcecode.swift; path = ContentView.swift; sourceTree = "<group>"; };
		A3F1A1C022CAD4A200DC7247 /* Assets.xcassets */ = {isa = PBXFileReference; lastKnownFileType = folder.assetcatalog; path = Assets.xcassets; sourceTree = "<group>"; };
		A3F1A1C322CAD4A200DC7247 /* Preview Assets.xcassets */ = {isa = PBXFileReference; lastKnownFileType = folder.assetcatalog; path = "Preview Assets.xcassets"; sourceTree = "<group>"; };
		A3F1A1C622CAD4A200DC7247 /* Base */ = {isa = PBXFileReference; lastKnownFileType = file.storyboard; name = Base; path = Base.lproj/LaunchScreen.storyboard; sourceTree = "<group>"; };
		A3F1A1C822CAD4A200DC7247 /* Info.plist */ = {isa = PBXFileReference; lastKnownFileType = text.plist.xml; path = Info.plist; sourceTree = "<group>"; };
		A3F1A1CD22CAD4A300DC7247 /* Pixel Art Resizer 2Tests.xctest */ = {isa = PBXFileReference; explicitFileType = wrapper.cfbundle; includeInIndex = 0; path = "Pixel Art Resizer 2Tests.xctest"; sourceTree = BUILT_PRODUCTS_DIR; };
		A3F1A1D122CAD4A300DC7247 /* Pixel_Art_Resizer_2Tests.swift */ = {isa = PBXFileReference; lastKnownFileType = sourcecode.swift; path = Pixel_Art_Resizer_2Tests.swift; sourceTree = "<group>"; };
		A3F1A1D322CAD4A300DC7247 /* Info.plist */ = {isa = PBXFileReference; lastKnownFileType = text.plist.xml; path = Info.plist; sourceTree = "<group>"; };
		A3F1A1D822CAD4A300DC7247 /* Pixel Art Resizer 2UITests.xctest */ = {isa = PBXFileReference; explicitFileType = wrapper.cfbundle; includeInIndex = 0; path = "Pixel Art Resizer 2UITests.xctest"; sourceTree = BUILT_PRODUCTS_DIR; };
		A3F1A1DC22CAD4A300DC7247 /* Pixel_Art_Resizer_2UITests.swift */ = {isa = PBXFileReference; lastKnownFileType = sourcecode.swift; path = Pixel_Art_Resizer_2UITests.swift; sourceTree = "<group>"; };
		A3F1A1DE22CAD4A300DC7247 /* Info.plist */ = {isa = PBXFileReference; lastKnownFileType = text.plist.xml; path = Info.plist; sourceTree = "<group>"; };
		A3F1A1EA22CAD52700DC7247 /* Pixel Art Resizer 2.entitlements */ = {isa = PBXFileReference; lastKnownFileType = text.plist.entitlements; path = "Pixel Art Resizer 2.entitlements"; sourceTree = "<group>"; };
/* End PBXFileReference section */

/* Begin PBXFrameworksBuildPhase section */
		A3F1A1B422CAD49F00DC7247 /* Frameworks */ = {
			isa = PBXFrameworksBuildPhase;
			buildActionMask = 2147483647;
			files = (
				A304234322D5555400E5CF35 /* PixelArtKit.framework in Frameworks */,
			);
			runOnlyForDeploymentPostprocessing = 0;
		};
		A3F1A1CA22CAD4A300DC7247 /* Frameworks */ = {
			isa = PBXFrameworksBuildPhase;
			buildActionMask = 2147483647;
			files = (
			);
			runOnlyForDeploymentPostprocessing = 0;
		};
		A3F1A1D522CAD4A300DC7247 /* Frameworks */ = {
			isa = PBXFrameworksBuildPhase;
			buildActionMask = 2147483647;
			files = (
			);
			runOnlyForDeploymentPostprocessing = 0;
		};
/* End PBXFrameworksBuildPhase section */

/* Begin PBXGroup section */
		A343064222D41C4F003D1099 /* Conveniences */ = {
			isa = PBXGroup;
			children = (
				A343064322D41C6C003D1099 /* Color Constants.swift */,
				A30EFE0D22D4F38300785CD9 /* Image Constants.swift */,
			);
			path = Conveniences;
			sourceTree = "<group>";
		};
		A364573F22CBFF8C00CA2187 /* Frameworks */ = {
			isa = PBXGroup;
			children = (
				A304234222D5555400E5CF35 /* PixelArtKit.framework */,
			);
			name = Frameworks;
			sourceTree = "<group>";
		};
		A37F3F3F22CBBABB0064444B /* Views */ = {
			isa = PBXGroup;
			children = (
				A37F3F4022CBBB1B0064444B /* GridBackgroundView.swift */,
				A30EFE0922D4F08100785CD9 /* ImageEditingView.swift */,
				A30EFE0B22D4F34100785CD9 /* ScaledImagePreviewView.swift */,
			);
			path = Views;
			sourceTree = "<group>";
		};
		A3F1A1AE22CAD49F00DC7247 = {
			isa = PBXGroup;
			children = (
				A3F1A1B922CAD4A000DC7247 /* Pixel Art Resizer 2 */,
				A3F1A1D022CAD4A300DC7247 /* Pixel Art Resizer 2Tests */,
				A3F1A1DB22CAD4A300DC7247 /* Pixel Art Resizer 2UITests */,
				A3F1A1B822CAD4A000DC7247 /* Products */,
				A364573F22CBFF8C00CA2187 /* Frameworks */,
			);
			sourceTree = "<group>";
		};
		A3F1A1B822CAD4A000DC7247 /* Products */ = {
			isa = PBXGroup;
			children = (
				A3F1A1B722CAD4A000DC7247 /* Pixel Art Resizer 2.app */,
				A3F1A1CD22CAD4A300DC7247 /* Pixel Art Resizer 2Tests.xctest */,
				A3F1A1D822CAD4A300DC7247 /* Pixel Art Resizer 2UITests.xctest */,
			);
			name = Products;
			sourceTree = "<group>";
		};
		A3F1A1B922CAD4A000DC7247 /* Pixel Art Resizer 2 */ = {
			isa = PBXGroup;
			children = (
				A343064222D41C4F003D1099 /* Conveniences */,
				A37F3F3F22CBBABB0064444B /* Views */,
				A3F1A1EA22CAD52700DC7247 /* Pixel Art Resizer 2.entitlements */,
				A3F1A1BA22CAD4A000DC7247 /* AppDelegate.swift */,
				A3F1A1BC22CAD4A000DC7247 /* SceneDelegate.swift */,
				A3F1A1BE22CAD4A000DC7247 /* ContentView.swift */,
				A3F1A1C022CAD4A200DC7247 /* Assets.xcassets */,
				A3F1A1C522CAD4A200DC7247 /* LaunchScreen.storyboard */,
				A3F1A1C822CAD4A200DC7247 /* Info.plist */,
				A3F1A1C222CAD4A200DC7247 /* Preview Content */,
			);
			path = "Pixel Art Resizer 2";
			sourceTree = "<group>";
		};
		A3F1A1C222CAD4A200DC7247 /* Preview Content */ = {
			isa = PBXGroup;
			children = (
				A3F1A1C322CAD4A200DC7247 /* Preview Assets.xcassets */,
			);
			path = "Preview Content";
			sourceTree = "<group>";
		};
		A3F1A1D022CAD4A300DC7247 /* Pixel Art Resizer 2Tests */ = {
			isa = PBXGroup;
			children = (
				A3F1A1D122CAD4A300DC7247 /* Pixel_Art_Resizer_2Tests.swift */,
				A3F1A1D322CAD4A300DC7247 /* Info.plist */,
			);
			path = "Pixel Art Resizer 2Tests";
			sourceTree = "<group>";
		};
		A3F1A1DB22CAD4A300DC7247 /* Pixel Art Resizer 2UITests */ = {
			isa = PBXGroup;
			children = (
				A3F1A1DC22CAD4A300DC7247 /* Pixel_Art_Resizer_2UITests.swift */,
				A3F1A1DE22CAD4A300DC7247 /* Info.plist */,
			);
			path = "Pixel Art Resizer 2UITests";
			sourceTree = "<group>";
		};
/* End PBXGroup section */

/* Begin PBXNativeTarget section */
		A3F1A1B622CAD49F00DC7247 /* Pixel Art Resizer 2 */ = {
			isa = PBXNativeTarget;
			buildConfigurationList = A3F1A1E122CAD4A300DC7247 /* Build configuration list for PBXNativeTarget "Pixel Art Resizer 2" */;
			buildPhases = (
				A3F1A1B322CAD49F00DC7247 /* Sources */,
				A3F1A1B422CAD49F00DC7247 /* Frameworks */,
				A3F1A1B522CAD49F00DC7247 /* Resources */,
				A304234522D5555400E5CF35 /* Embed Frameworks */,
			);
			buildRules = (
			);
			dependencies = (
			);
			name = "Pixel Art Resizer 2";
			productName = "Pixel Art Resizer 2";
			productReference = A3F1A1B722CAD4A000DC7247 /* Pixel Art Resizer 2.app */;
			productType = "com.apple.product-type.application";
		};
		A3F1A1CC22CAD4A300DC7247 /* Pixel Art Resizer 2Tests */ = {
			isa = PBXNativeTarget;
			buildConfigurationList = A3F1A1E422CAD4A300DC7247 /* Build configuration list for PBXNativeTarget "Pixel Art Resizer 2Tests" */;
			buildPhases = (
				A3F1A1C922CAD4A300DC7247 /* Sources */,
				A3F1A1CA22CAD4A300DC7247 /* Frameworks */,
				A3F1A1CB22CAD4A300DC7247 /* Resources */,
			);
			buildRules = (
			);
			dependencies = (
				A3F1A1CF22CAD4A300DC7247 /* PBXTargetDependency */,
			);
			name = "Pixel Art Resizer 2Tests";
			productName = "Pixel Art Resizer 2Tests";
			productReference = A3F1A1CD22CAD4A300DC7247 /* Pixel Art Resizer 2Tests.xctest */;
			productType = "com.apple.product-type.bundle.unit-test";
		};
		A3F1A1D722CAD4A300DC7247 /* Pixel Art Resizer 2UITests */ = {
			isa = PBXNativeTarget;
			buildConfigurationList = A3F1A1E722CAD4A300DC7247 /* Build configuration list for PBXNativeTarget "Pixel Art Resizer 2UITests" */;
			buildPhases = (
				A3F1A1D422CAD4A300DC7247 /* Sources */,
				A3F1A1D522CAD4A300DC7247 /* Frameworks */,
				A3F1A1D622CAD4A300DC7247 /* Resources */,
			);
			buildRules = (
			);
			dependencies = (
				A3F1A1DA22CAD4A300DC7247 /* PBXTargetDependency */,
			);
			name = "Pixel Art Resizer 2UITests";
			productName = "Pixel Art Resizer 2UITests";
			productReference = A3F1A1D822CAD4A300DC7247 /* Pixel Art Resizer 2UITests.xctest */;
			productType = "com.apple.product-type.bundle.ui-testing";
		};
/* End PBXNativeTarget section */

/* Begin PBXProject section */
		A3F1A1AF22CAD49F00DC7247 /* Project object */ = {
			isa = PBXProject;
			attributes = {
				LastSwiftUpdateCheck = 1100;
				LastUpgradeCheck = 1100;
				ORGANIZATIONNAME = "Ben Leggiero";
				TargetAttributes = {
					A3F1A1B622CAD49F00DC7247 = {
						CreatedOnToolsVersion = 11.0;
					};
					A3F1A1CC22CAD4A300DC7247 = {
						CreatedOnToolsVersion = 11.0;
						TestTargetID = A3F1A1B622CAD49F00DC7247;
					};
					A3F1A1D722CAD4A300DC7247 = {
						CreatedOnToolsVersion = 11.0;
						TestTargetID = A3F1A1B622CAD49F00DC7247;
					};
				};
			};
			buildConfigurationList = A3F1A1B222CAD49F00DC7247 /* Build configuration list for PBXProject "Pixel Art Resizer 2" */;
			compatibilityVersion = "Xcode 9.3";
			developmentRegion = en;
			hasScannedForEncodings = 0;
			knownRegions = (
				en,
				Base,
			);
			mainGroup = A3F1A1AE22CAD49F00DC7247;
			productRefGroup = A3F1A1B822CAD4A000DC7247 /* Products */;
			projectDirPath = "";
			projectRoot = "";
			targets = (
				A3F1A1B622CAD49F00DC7247 /* Pixel Art Resizer 2 */,
				A3F1A1CC22CAD4A300DC7247 /* Pixel Art Resizer 2Tests */,
				A3F1A1D722CAD4A300DC7247 /* Pixel Art Resizer 2UITests */,
			);
		};
/* End PBXProject section */

/* Begin PBXResourcesBuildPhase section */
		A3F1A1B522CAD49F00DC7247 /* Resources */ = {
			isa = PBXResourcesBuildPhase;
			buildActionMask = 2147483647;
			files = (
				A3F1A1C722CAD4A200DC7247 /* LaunchScreen.storyboard in Resources */,
				A3F1A1C422CAD4A200DC7247 /* Preview Assets.xcassets in Resources */,
				A3F1A1C122CAD4A200DC7247 /* Assets.xcassets in Resources */,
			);
			runOnlyForDeploymentPostprocessing = 0;
		};
		A3F1A1CB22CAD4A300DC7247 /* Resources */ = {
			isa = PBXResourcesBuildPhase;
			buildActionMask = 2147483647;
			files = (
			);
			runOnlyForDeploymentPostprocessing = 0;
		};
		A3F1A1D622CAD4A300DC7247 /* Resources */ = {
			isa = PBXResourcesBuildPhase;
			buildActionMask = 2147483647;
			files = (
			);
			runOnlyForDeploymentPostprocessing = 0;
		};
/* End PBXResourcesBuildPhase section */

/* Begin PBXSourcesBuildPhase section */
		A3F1A1B322CAD49F00DC7247 /* Sources */ = {
			isa = PBXSourcesBuildPhase;
			buildActionMask = 2147483647;
			files = (
				A343064422D41C6C003D1099 /* Color Constants.swift in Sources */,
				A30EFE0A22D4F08100785CD9 /* ImageEditingView.swift in Sources */,
				A37F3F4122CBBB1B0064444B /* GridBackgroundView.swift in Sources */,
				A30EFE0C22D4F34100785CD9 /* ScaledImagePreviewView.swift in Sources */,
				A3F1A1BB22CAD4A000DC7247 /* AppDelegate.swift in Sources */,
				A3F1A1BD22CAD4A000DC7247 /* SceneDelegate.swift in Sources */,
				A3F1A1BF22CAD4A000DC7247 /* ContentView.swift in Sources */,
				A30EFE0E22D4F38300785CD9 /* Image Constants.swift in Sources */,
			);
			runOnlyForDeploymentPostprocessing = 0;
		};
		A3F1A1C922CAD4A300DC7247 /* Sources */ = {
			isa = PBXSourcesBuildPhase;
			buildActionMask = 2147483647;
			files = (
				A3F1A1D222CAD4A300DC7247 /* Pixel_Art_Resizer_2Tests.swift in Sources */,
			);
			runOnlyForDeploymentPostprocessing = 0;
		};
		A3F1A1D422CAD4A300DC7247 /* Sources */ = {
			isa = PBXSourcesBuildPhase;
			buildActionMask = 2147483647;
			files = (
				A3F1A1DD22CAD4A300DC7247 /* Pixel_Art_Resizer_2UITests.swift in Sources */,
			);
			runOnlyForDeploymentPostprocessing = 0;
		};
/* End PBXSourcesBuildPhase section */

/* Begin PBXTargetDependency section */
		A3F1A1CF22CAD4A300DC7247 /* PBXTargetDependency */ = {
			isa = PBXTargetDependency;
			target = A3F1A1B622CAD49F00DC7247 /* Pixel Art Resizer 2 */;
			targetProxy = A3F1A1CE22CAD4A300DC7247 /* PBXContainerItemProxy */;
		};
		A3F1A1DA22CAD4A300DC7247 /* PBXTargetDependency */ = {
			isa = PBXTargetDependency;
			target = A3F1A1B622CAD49F00DC7247 /* Pixel Art Resizer 2 */;
			targetProxy = A3F1A1D922CAD4A300DC7247 /* PBXContainerItemProxy */;
		};
/* End PBXTargetDependency section */

/* Begin PBXVariantGroup section */
		A3F1A1C522CAD4A200DC7247 /* LaunchScreen.storyboard */ = {
			isa = PBXVariantGroup;
			children = (
				A3F1A1C622CAD4A200DC7247 /* Base */,
			);
			name = LaunchScreen.storyboard;
			sourceTree = "<group>";
		};
/* End PBXVariantGroup section */

/* Begin XCBuildConfiguration section */
		A3F1A1DF22CAD4A300DC7247 /* Debug */ = {
			isa = XCBuildConfiguration;
			buildSettings = {
				ALWAYS_SEARCH_USER_PATHS = NO;
				CLANG_ANALYZER_NONNULL = YES;
				CLANG_ANALYZER_NUMBER_OBJECT_CONVERSION = YES_AGGRESSIVE;
				CLANG_CXX_LANGUAGE_STANDARD = "gnu++14";
				CLANG_CXX_LIBRARY = "libc++";
				CLANG_ENABLE_MODULES = YES;
				CLANG_ENABLE_OBJC_ARC = YES;
				CLANG_ENABLE_OBJC_WEAK = YES;
				CLANG_WARN_BLOCK_CAPTURE_AUTORELEASING = YES;
				CLANG_WARN_BOOL_CONVERSION = YES;
				CLANG_WARN_COMMA = YES;
				CLANG_WARN_CONSTANT_CONVERSION = YES;
				CLANG_WARN_DEPRECATED_OBJC_IMPLEMENTATIONS = YES;
				CLANG_WARN_DIRECT_OBJC_ISA_USAGE = YES_ERROR;
				CLANG_WARN_DOCUMENTATION_COMMENTS = YES;
				CLANG_WARN_EMPTY_BODY = YES;
				CLANG_WARN_ENUM_CONVERSION = YES;
				CLANG_WARN_INFINITE_RECURSION = YES;
				CLANG_WARN_INT_CONVERSION = YES;
				CLANG_WARN_NON_LITERAL_NULL_CONVERSION = YES;
				CLANG_WARN_OBJC_IMPLICIT_RETAIN_SELF = YES;
				CLANG_WARN_OBJC_LITERAL_CONVERSION = YES;
				CLANG_WARN_OBJC_ROOT_CLASS = YES_ERROR;
				CLANG_WARN_RANGE_LOOP_ANALYSIS = YES;
				CLANG_WARN_STRICT_PROTOTYPES = YES;
				CLANG_WARN_SUSPICIOUS_MOVE = YES;
				CLANG_WARN_UNGUARDED_AVAILABILITY = YES_AGGRESSIVE;
				CLANG_WARN_UNREACHABLE_CODE = YES;
				CLANG_WARN__DUPLICATE_METHOD_MATCH = YES;
				COPY_PHASE_STRIP = NO;
				DEBUG_INFORMATION_FORMAT = dwarf;
				ENABLE_STRICT_OBJC_MSGSEND = YES;
				ENABLE_TESTABILITY = YES;
				GCC_C_LANGUAGE_STANDARD = gnu11;
				GCC_DYNAMIC_NO_PIC = NO;
				GCC_NO_COMMON_BLOCKS = YES;
				GCC_OPTIMIZATION_LEVEL = 0;
				GCC_PREPROCESSOR_DEFINITIONS = (
					"DEBUG=1",
					"$(inherited)",
				);
				GCC_WARN_64_TO_32_BIT_CONVERSION = YES;
				GCC_WARN_ABOUT_RETURN_TYPE = YES_ERROR;
				GCC_WARN_UNDECLARED_SELECTOR = YES;
				GCC_WARN_UNINITIALIZED_AUTOS = YES_AGGRESSIVE;
				GCC_WARN_UNUSED_FUNCTION = YES;
				GCC_WARN_UNUSED_VARIABLE = YES;
				IPHONEOS_DEPLOYMENT_TARGET = 13.0;
				MTL_ENABLE_DEBUG_INFO = INCLUDE_SOURCE;
				MTL_FAST_MATH = YES;
				ONLY_ACTIVE_ARCH = YES;
				SDKROOT = iphoneos;
				SWIFT_ACTIVE_COMPILATION_CONDITIONS = DEBUG;
				SWIFT_OPTIMIZATION_LEVEL = "-Onone";
				SWIFT_VERSION = 5.0;
			};
			name = Debug;
		};
		A3F1A1E022CAD4A300DC7247 /* Release */ = {
			isa = XCBuildConfiguration;
			buildSettings = {
				ALWAYS_SEARCH_USER_PATHS = NO;
				CLANG_ANALYZER_NONNULL = YES;
				CLANG_ANALYZER_NUMBER_OBJECT_CONVERSION = YES_AGGRESSIVE;
				CLANG_CXX_LANGUAGE_STANDARD = "gnu++14";
				CLANG_CXX_LIBRARY = "libc++";
				CLANG_ENABLE_MODULES = YES;
				CLANG_ENABLE_OBJC_ARC = YES;
				CLANG_ENABLE_OBJC_WEAK = YES;
				CLANG_WARN_BLOCK_CAPTURE_AUTORELEASING = YES;
				CLANG_WARN_BOOL_CONVERSION = YES;
				CLANG_WARN_COMMA = YES;
				CLANG_WARN_CONSTANT_CONVERSION = YES;
				CLANG_WARN_DEPRECATED_OBJC_IMPLEMENTATIONS = YES;
				CLANG_WARN_DIRECT_OBJC_ISA_USAGE = YES_ERROR;
				CLANG_WARN_DOCUMENTATION_COMMENTS = YES;
				CLANG_WARN_EMPTY_BODY = YES;
				CLANG_WARN_ENUM_CONVERSION = YES;
				CLANG_WARN_INFINITE_RECURSION = YES;
				CLANG_WARN_INT_CONVERSION = YES;
				CLANG_WARN_NON_LITERAL_NULL_CONVERSION = YES;
				CLANG_WARN_OBJC_IMPLICIT_RETAIN_SELF = YES;
				CLANG_WARN_OBJC_LITERAL_CONVERSION = YES;
				CLANG_WARN_OBJC_ROOT_CLASS = YES_ERROR;
				CLANG_WARN_RANGE_LOOP_ANALYSIS = YES;
				CLANG_WARN_STRICT_PROTOTYPES = YES;
				CLANG_WARN_SUSPICIOUS_MOVE = YES;
				CLANG_WARN_UNGUARDED_AVAILABILITY = YES_AGGRESSIVE;
				CLANG_WARN_UNREACHABLE_CODE = YES;
				CLANG_WARN__DUPLICATE_METHOD_MATCH = YES;
				COPY_PHASE_STRIP = NO;
				DEBUG_INFORMATION_FORMAT = "dwarf-with-dsym";
				ENABLE_NS_ASSERTIONS = NO;
				ENABLE_STRICT_OBJC_MSGSEND = YES;
				GCC_C_LANGUAGE_STANDARD = gnu11;
				GCC_NO_COMMON_BLOCKS = YES;
				GCC_WARN_64_TO_32_BIT_CONVERSION = YES;
				GCC_WARN_ABOUT_RETURN_TYPE = YES_ERROR;
				GCC_WARN_UNDECLARED_SELECTOR = YES;
				GCC_WARN_UNINITIALIZED_AUTOS = YES_AGGRESSIVE;
				GCC_WARN_UNUSED_FUNCTION = YES;
				GCC_WARN_UNUSED_VARIABLE = YES;
				IPHONEOS_DEPLOYMENT_TARGET = 13.0;
				MTL_ENABLE_DEBUG_INFO = NO;
				MTL_FAST_MATH = YES;
				SDKROOT = iphoneos;
				SWIFT_COMPILATION_MODE = wholemodule;
				SWIFT_OPTIMIZATION_LEVEL = "-O";
				SWIFT_VERSION = 5.0;
				VALIDATE_PRODUCT = YES;
			};
			name = Release;
		};
		A3F1A1E222CAD4A300DC7247 /* Debug */ = {
			isa = XCBuildConfiguration;
			buildSettings = {
				ASSETCATALOG_COMPILER_APPICON_NAME = AppIcon;
				CODE_SIGN_ENTITLEMENTS = "Pixel Art Resizer 2/Pixel Art Resizer 2.entitlements";
				"CODE_SIGN_IDENTITY[sdk=macosx*]" = "Apple Development";
				CODE_SIGN_STYLE = Automatic;
				CURRENT_PROJECT_VERSION = 10;
				DERIVE_UIKITFORMAC_PRODUCT_BUNDLE_IDENTIFIER = YES;
				DEVELOPMENT_ASSET_PATHS = "\"Pixel Art Resizer 2\"/Preview\\ Content";
				DEVELOPMENT_TEAM = 26V9MK8TGP;
				ENABLE_PREVIEWS = YES;
				INFOPLIST_FILE = "Pixel Art Resizer 2/Info.plist";
				LD_RUNPATH_SEARCH_PATHS = (
					"$(inherited)",
					"@executable_path/Frameworks",
				);
				MARKETING_VERSION = 2.0.0;
				PRODUCT_BUNDLE_IDENTIFIER = "me.benleggiero.Pixel-Art-Resizer-2";
				PRODUCT_NAME = "$(TARGET_NAME)";
				SUPPORTS_UIKITFORMAC = YES;
				TARGETED_DEVICE_FAMILY = "1,2";
			};
			name = Debug;
		};
		A3F1A1E322CAD4A300DC7247 /* Release */ = {
			isa = XCBuildConfiguration;
			buildSettings = {
				ASSETCATALOG_COMPILER_APPICON_NAME = AppIcon;
				CODE_SIGN_ENTITLEMENTS = "Pixel Art Resizer 2/Pixel Art Resizer 2.entitlements";
				"CODE_SIGN_IDENTITY[sdk=macosx*]" = "Apple Development";
				CODE_SIGN_STYLE = Automatic;
				CURRENT_PROJECT_VERSION = 10;
				DERIVE_UIKITFORMAC_PRODUCT_BUNDLE_IDENTIFIER = YES;
				DEVELOPMENT_ASSET_PATHS = "\"Pixel Art Resizer 2\"/Preview\\ Content";
				DEVELOPMENT_TEAM = 26V9MK8TGP;
				ENABLE_PREVIEWS = YES;
				INFOPLIST_FILE = "Pixel Art Resizer 2/Info.plist";
				LD_RUNPATH_SEARCH_PATHS = (
					"$(inherited)",
					"@executable_path/Frameworks",
				);
				MARKETING_VERSION = 2.0.0;
				PRODUCT_BUNDLE_IDENTIFIER = "me.benleggiero.Pixel-Art-Resizer-2";
				PRODUCT_NAME = "$(TARGET_NAME)";
				SUPPORTS_UIKITFORMAC = YES;
				TARGETED_DEVICE_FAMILY = "1,2";
			};
			name = Release;
		};
		A3F1A1E522CAD4A300DC7247 /* Debug */ = {
			isa = XCBuildConfiguration;
			buildSettings = {
				ALWAYS_EMBED_SWIFT_STANDARD_LIBRARIES = YES;
				BUNDLE_LOADER = "$(TEST_HOST)";
				CODE_SIGN_STYLE = Automatic;
				DEVELOPMENT_TEAM = 26V9MK8TGP;
				INFOPLIST_FILE = "Pixel Art Resizer 2Tests/Info.plist";
				LD_RUNPATH_SEARCH_PATHS = (
					"$(inherited)",
					"@executable_path/Frameworks",
					"@loader_path/Frameworks",
				);
				PRODUCT_BUNDLE_IDENTIFIER = "me.benleggiero.Pixel-Art-Resizer-2Tests";
				PRODUCT_NAME = "$(TARGET_NAME)";
				TARGETED_DEVICE_FAMILY = "1,2";
				TEST_HOST = "$(BUILT_PRODUCTS_DIR)/Pixel Art Resizer 2.app/Pixel Art Resizer 2";
			};
			name = Debug;
		};
		A3F1A1E622CAD4A300DC7247 /* Release */ = {
			isa = XCBuildConfiguration;
			buildSettings = {
				ALWAYS_EMBED_SWIFT_STANDARD_LIBRARIES = YES;
				BUNDLE_LOADER = "$(TEST_HOST)";
				CODE_SIGN_STYLE = Automatic;
				DEVELOPMENT_TEAM = 26V9MK8TGP;
				INFOPLIST_FILE = "Pixel Art Resizer 2Tests/Info.plist";
				LD_RUNPATH_SEARCH_PATHS = (
					"$(inherited)",
					"@executable_path/Frameworks",
					"@loader_path/Frameworks",
				);
				PRODUCT_BUNDLE_IDENTIFIER = "me.benleggiero.Pixel-Art-Resizer-2Tests";
				PRODUCT_NAME = "$(TARGET_NAME)";
				TARGETED_DEVICE_FAMILY = "1,2";
				TEST_HOST = "$(BUILT_PRODUCTS_DIR)/Pixel Art Resizer 2.app/Pixel Art Resizer 2";
			};
			name = Release;
		};
		A3F1A1E822CAD4A300DC7247 /* Debug */ = {
			isa = XCBuildConfiguration;
			buildSettings = {
				ALWAYS_EMBED_SWIFT_STANDARD_LIBRARIES = YES;
				CODE_SIGN_STYLE = Automatic;
				DEVELOPMENT_TEAM = 26V9MK8TGP;
				INFOPLIST_FILE = "Pixel Art Resizer 2UITests/Info.plist";
				LD_RUNPATH_SEARCH_PATHS = (
					"$(inherited)",
					"@executable_path/Frameworks",
					"@loader_path/Frameworks",
				);
				PRODUCT_BUNDLE_IDENTIFIER = "me.benleggiero.Pixel-Art-Resizer-2UITests";
				PRODUCT_NAME = "$(TARGET_NAME)";
				TARGETED_DEVICE_FAMILY = "1,2";
				TEST_TARGET_NAME = "Pixel Art Resizer 2";
			};
			name = Debug;
		};
		A3F1A1E922CAD4A300DC7247 /* Release */ = {
			isa = XCBuildConfiguration;
			buildSettings = {
				ALWAYS_EMBED_SWIFT_STANDARD_LIBRARIES = YES;
				CODE_SIGN_STYLE = Automatic;
				DEVELOPMENT_TEAM = 26V9MK8TGP;
				INFOPLIST_FILE = "Pixel Art Resizer 2UITests/Info.plist";
				LD_RUNPATH_SEARCH_PATHS = (
					"$(inherited)",
					"@executable_path/Frameworks",
					"@loader_path/Frameworks",
				);
				PRODUCT_BUNDLE_IDENTIFIER = "me.benleggiero.Pixel-Art-Resizer-2UITests";
				PRODUCT_NAME = "$(TARGET_NAME)";
				TARGETED_DEVICE_FAMILY = "1,2";
				TEST_TARGET_NAME = "Pixel Art Resizer 2";
			};
			name = Release;
		};
/* End XCBuildConfiguration section */

/* Begin XCConfigurationList section */
		A3F1A1B222CAD49F00DC7247 /* Build configuration list for PBXProject "Pixel Art Resizer 2" */ = {
			isa = XCConfigurationList;
			buildConfigurations = (
				A3F1A1DF22CAD4A300DC7247 /* Debug */,
				A3F1A1E022CAD4A300DC7247 /* Release */,
			);
			defaultConfigurationIsVisible = 0;
			defaultConfigurationName = Release;
		};
		A3F1A1E122CAD4A300DC7247 /* Build configuration list for PBXNativeTarget "Pixel Art Resizer 2" */ = {
			isa = XCConfigurationList;
			buildConfigurations = (
				A3F1A1E222CAD4A300DC7247 /* Debug */,
				A3F1A1E322CAD4A300DC7247 /* Release */,
			);
			defaultConfigurationIsVisible = 0;
			defaultConfigurationName = Release;
		};
		A3F1A1E422CAD4A300DC7247 /* Build configuration list for PBXNativeTarget "Pixel Art Resizer 2Tests" */ = {
			isa = XCConfigurationList;
			buildConfigurations = (
				A3F1A1E522CAD4A300DC7247 /* Debug */,
				A3F1A1E622CAD4A300DC7247 /* Release */,
			);
			defaultConfigurationIsVisible = 0;
			defaultConfigurationName = Release;
		};
		A3F1A1E722CAD4A300DC7247 /* Build configuration list for PBXNativeTarget "Pixel Art Resizer 2UITests" */ = {
			isa = XCConfigurationList;
			buildConfigurations = (
				A3F1A1E822CAD4A300DC7247 /* Debug */,
				A3F1A1E922CAD4A300DC7247 /* Release */,
			);
			defaultConfigurationIsVisible = 0;
			defaultConfigurationName = Release;
		};
/* End XCConfigurationList section */
	};
	rootObject = A3F1A1AF22CAD49F00DC7247 /* Project object */;
}
